
Microsoft Visual Studio Solution File, Format Version 12.00
# Visual Studio Version 16
VisualStudioVersion = 16.0.29201.188
MinimumVisualStudioVersion = 10.0.40219.1
Project("{FAE04EC0-301F-11D3-BF4B-00C04F79EFBC}") = "Primo_Progetto_Xamarin.UWP", "Primo_Progetto_Xamarin\Primo_Progetto_Xamarin.UWP\Primo_Progetto_Xamarin.UWP.csproj", "{4E150344-D999-42F6-8588-CC14948B9D46}"
EndProject
Project("{FAE04EC0-301F-11D3-BF4B-00C04F79EFBC}") = "Primo_Progetto_Xamarin.Android", "Primo_Progetto_Xamarin\Primo_Progetto_Xamarin.Android\Primo_Progetto_Xamarin.Android.csproj", "{9C8ADD5D-20EE-4B70-971A-BCD84EA8FDA5}"
EndProject
Project("{FAE04EC0-301F-11D3-BF4B-00C04F79EFBC}") = "Primo_Progetto_Xamarin.iOS", "Primo_Progetto_Xamarin\Primo_Progetto_Xamarin.iOS\Primo_Progetto_Xamarin.iOS.csproj", "{1EBD84EA-EE39-436E-BC7B-1B8BF2599C15}"
EndProject
Project("{9A19103F-16F7-4668-BE54-9A1E7A4F7556}") = "Primo_Progetto_Xamarin", "Primo_Progetto_Xamarin\Primo_Progetto_Xamarin\Primo_Progetto_Xamarin.csproj", "{2D6B2AE5-F2A5-41CC-A159-D1FAFBED6435}"
EndProject
Project("{2150E333-8FDC-42A3-9474-1A3956D46DE8}") = "Solution Items", "Solution Items", "{EC7A4005-2850-4217-971E-DBB7CE8AF1BD}"
	ProjectSection(SolutionItems) = preProject
		Leggimi.md = Leggimi.md
	EndProjectSection
EndProject
Global
	GlobalSection(SolutionConfigurationPlatforms) = preSolution
		Debug|Any CPU = Debug|Any CPU
		Debug|ARM = Debug|ARM
		Debug|iPhone = Debug|iPhone
		Debug|iPhoneSimulator = Debug|iPhoneSimulator
		Debug|x64 = Debug|x64
		Debug|x86 = Debug|x86
		Release|Any CPU = Release|Any CPU
		Release|ARM = Release|ARM
		Release|iPhone = Release|iPhone
		Release|iPhoneSimulator = Release|iPhoneSimulator
		Release|x64 = Release|x64
		Release|x86 = Release|x86
	EndGlobalSection
	GlobalSection(ProjectConfigurationPlatforms) = postSolution
		{4E150344-D999-42F6-8588-CC14948B9D46}.Debug|Any CPU.ActiveCfg = Debug|x86
		{4E150344-D999-42F6-8588-CC14948B9D46}.Debug|Any CPU.Build.0 = Debug|x86
		{4E150344-D999-42F6-8588-CC14948B9D46}.Debug|Any CPU.Deploy.0 = Debug|x86
		{4E150344-D999-42F6-8588-CC14948B9D46}.Debug|ARM.ActiveCfg = Debug|ARM
		{4E150344-D999-42F6-8588-CC14948B9D46}.Debug|ARM.Build.0 = Debug|ARM
		{4E150344-D999-42F6-8588-CC14948B9D46}.Debug|ARM.Deploy.0 = Debug|ARM
		{4E150344-D999-42F6-8588-CC14948B9D46}.Debug|iPhone.ActiveCfg = Debug|x86
		{4E150344-D999-42F6-8588-CC14948B9D46}.Debug|iPhone.Build.0 = Debug|x86
		{4E150344-D999-42F6-8588-CC14948B9D46}.Debug|iPhone.Deploy.0 = Debug|x86
		{4E150344-D999-42F6-8588-CC14948B9D46}.Debug|iPhoneSimulator.ActiveCfg = Debug|x86
		{4E150344-D999-42F6-8588-CC14948B9D46}.Debug|iPhoneSimulator.Build.0 = Debug|x86
		{4E150344-D999-42F6-8588-CC14948B9D46}.Debug|iPhoneSimulator.Deploy.0 = Debug|x86
		{4E150344-D999-42F6-8588-CC14948B9D46}.Debug|x64.ActiveCfg = Debug|x64
		{4E150344-D999-42F6-8588-CC14948B9D46}.Debug|x64.Build.0 = Debug|x64
		{4E150344-D999-42F6-8588-CC14948B9D46}.Debug|x64.Deploy.0 = Debug|x64
		{4E150344-D999-42F6-8588-CC14948B9D46}.Debug|x86.ActiveCfg = Debug|x86
		{4E150344-D999-42F6-8588-CC14948B9D46}.Debug|x86.Build.0 = Debug|x86
		{4E150344-D999-42F6-8588-CC14948B9D46}.Debug|x86.Deploy.0 = Debug|x86
		{4E150344-D999-42F6-8588-CC14948B9D46}.Release|Any CPU.ActiveCfg = Release|x86
		{4E150344-D999-42F6-8588-CC14948B9D46}.Release|Any CPU.Build.0 = Release|x86
		{4E150344-D999-42F6-8588-CC14948B9D46}.Release|Any CPU.Deploy.0 = Release|x86
		{4E150344-D999-42F6-8588-CC14948B9D46}.Release|ARM.ActiveCfg = Release|ARM
		{4E150344-D999-42F6-8588-CC14948B9D46}.Release|ARM.Build.0 = Release|ARM
		{4E150344-D999-42F6-8588-CC14948B9D46}.Release|ARM.Deploy.0 = Release|ARM
		{4E150344-D999-42F6-8588-CC14948B9D46}.Release|iPhone.ActiveCfg = Release|x86
		{4E150344-D999-42F6-8588-CC14948B9D46}.Release|iPhone.Build.0 = Release|x86
		{4E150344-D999-42F6-8588-CC14948B9D46}.Release|iPhone.Deploy.0 = Release|x86
		{4E150344-D999-42F6-8588-CC14948B9D46}.Release|iPhoneSimulator.ActiveCfg = Release|x86
		{4E150344-D999-42F6-8588-CC14948B9D46}.Release|iPhoneSimulator.Build.0 = Release|x86
		{4E150344-D999-42F6-8588-CC14948B9D46}.Release|iPhoneSimulator.Deploy.0 = Release|x86
		{4E150344-D999-42F6-8588-CC14948B9D46}.Release|x64.ActiveCfg = Release|x64
		{4E150344-D999-42F6-8588-CC14948B9D46}.Release|x64.Build.0 = Release|x64
		{4E150344-D999-42F6-8588-CC14948B9D46}.Release|x64.Deploy.0 = Release|x64
		{4E150344-D999-42F6-8588-CC14948B9D46}.Release|x86.ActiveCfg = Release|x86
		{4E150344-D999-42F6-8588-CC14948B9D46}.Release|x86.Build.0 = Release|x86
		{4E150344-D999-42F6-8588-CC14948B9D46}.Release|x86.Deploy.0 = Release|x86
		{9C8ADD5D-20EE-4B70-971A-BCD84EA8FDA5}.Debug|Any CPU.ActiveCfg = Debug|Any CPU
		{9C8ADD5D-20EE-4B70-971A-BCD84EA8FDA5}.Debug|Any CPU.Build.0 = Debug|Any CPU
		{9C8ADD5D-20EE-4B70-971A-BCD84EA8FDA5}.Debug|Any CPU.Deploy.0 = Debug|Any CPU
		{9C8ADD5D-20EE-4B70-971A-BCD84EA8FDA5}.Debug|ARM.ActiveCfg = Debug|Any CPU
		{9C8ADD5D-20EE-4B70-971A-BCD84EA8FDA5}.Debug|ARM.Build.0 = Debug|Any CPU
		{9C8ADD5D-20EE-4B70-971A-BCD84EA8FDA5}.Debug|ARM.Deploy.0 = Debug|Any CPU
		{9C8ADD5D-20EE-4B70-971A-BCD84EA8FDA5}.Debug|iPhone.ActiveCfg = Debug|Any CPU
		{9C8ADD5D-20EE-4B70-971A-BCD84EA8FDA5}.Debug|iPhone.Build.0 = Debug|Any CPU
		{9C8ADD5D-20EE-4B70-971A-BCD84EA8FDA5}.Debug|iPhone.Deploy.0 = Debug|Any CPU
		{9C8ADD5D-20EE-4B70-971A-BCD84EA8FDA5}.Debug|iPhoneSimulator.ActiveCfg = Debug|Any CPU
		{9C8ADD5D-20EE-4B70-971A-BCD84EA8FDA5}.Debug|iPhoneSimulator.Build.0 = Debug|Any CPU
		{9C8ADD5D-20EE-4B70-971A-BCD84EA8FDA5}.Debug|iPhoneSimulator.Deploy.0 = Debug|Any CPU
		{9C8ADD5D-20EE-4B70-971A-BCD84EA8FDA5}.Debug|x64.ActiveCfg = Debug|Any CPU
		{9C8ADD5D-20EE-4B70-971A-BCD84EA8FDA5}.Debug|x64.Build.0 = Debug|Any CPU
		{9C8ADD5D-20EE-4B70-971A-BCD84EA8FDA5}.Debug|x64.Deploy.0 = Debug|Any CPU
		{9C8ADD5D-20EE-4B70-971A-BCD84EA8FDA5}.Debug|x86.ActiveCfg = Debug|Any CPU
		{9C8ADD5D-20EE-4B70-971A-BCD84EA8FDA5}.Debug|x86.Build.0 = Debug|Any CPU
		{9C8ADD5D-20EE-4B70-971A-BCD84EA8FDA5}.Debug|x86.Deploy.0 = Debug|Any CPU
		{9C8ADD5D-20EE-4B70-971A-BCD84EA8FDA5}.Release|Any CPU.ActiveCfg = Release|Any CPU
		{9C8ADD5D-20EE-4B70-971A-BCD84EA8FDA5}.Release|Any CPU.Build.0 = Release|Any CPU
		{9C8ADD5D-20EE-4B70-971A-BCD84EA8FDA5}.Release|Any CPU.Deploy.0 = Release|Any CPU
		{9C8ADD5D-20EE-4B70-971A-BCD84EA8FDA5}.Release|ARM.ActiveCfg = Release|Any CPU
		{9C8ADD5D-20EE-4B70-971A-BCD84EA8FDA5}.Release|ARM.Build.0 = Release|Any CPU
		{9C8ADD5D-20EE-4B70-971A-BCD84EA8FDA5}.Release|ARM.Deploy.0 = Release|Any CPU
		{9C8ADD5D-20EE-4B70-971A-BCD84EA8FDA5}.Release|iPhone.ActiveCfg = Release|Any CPU
		{9C8ADD5D-20EE-4B70-971A-BCD84EA8FDA5}.Release|iPhone.Build.0 = Release|Any CPU
		{9C8ADD5D-20EE-4B70-971A-BCD84EA8FDA5}.Release|iPhone.Deploy.0 = Release|Any CPU
		{9C8ADD5D-20EE-4B70-971A-BCD84EA8FDA5}.Release|iPhoneSimulator.ActiveCfg = Release|Any CPU
		{9C8ADD5D-20EE-4B70-971A-BCD84EA8FDA5}.Release|iPhoneSimulator.Build.0 = Release|Any CPU
		{9C8ADD5D-20EE-4B70-971A-BCD84EA8FDA5}.Release|iPhoneSimulator.Deploy.0 = Release|Any CPU
		{9C8ADD5D-20EE-4B70-971A-BCD84EA8FDA5}.Release|x64.ActiveCfg = Release|Any CPU
		{9C8ADD5D-20EE-4B70-971A-BCD84EA8FDA5}.Release|x64.Build.0 = Release|Any CPU
		{9C8ADD5D-20EE-4B70-971A-BCD84EA8FDA5}.Release|x64.Deploy.0 = Release|Any CPU
		{9C8ADD5D-20EE-4B70-971A-BCD84EA8FDA5}.Release|x86.ActiveCfg = Release|Any CPU
		{9C8ADD5D-20EE-4B70-971A-BCD84EA8FDA5}.Release|x86.Build.0 = Release|Any CPU
		{9C8ADD5D-20EE-4B70-971A-BCD84EA8FDA5}.Release|x86.Deploy.0 = Release|Any CPU
		{1EBD84EA-EE39-436E-BC7B-1B8BF2599C15}.Debug|Any CPU.ActiveCfg = Debug|iPhone
		{1EBD84EA-EE39-436E-BC7B-1B8BF2599C15}.Debug|Any CPU.Build.0 = Debug|iPhone
		{1EBD84EA-EE39-436E-BC7B-1B8BF2599C15}.Debug|Any CPU.Deploy.0 = Debug|iPhone
		{1EBD84EA-EE39-436E-BC7B-1B8BF2599C15}.Debug|ARM.ActiveCfg = Debug|iPhoneSimulator
		{1EBD84EA-EE39-436E-BC7B-1B8BF2599C15}.Debug|ARM.Build.0 = Debug|iPhoneSimulator
		{1EBD84EA-EE39-436E-BC7B-1B8BF2599C15}.Debug|ARM.Deploy.0 = Debug|iPhoneSimulator
		{1EBD84EA-EE39-436E-BC7B-1B8BF2599C15}.Debug|iPhone.ActiveCfg = Debug|iPhone
		{1EBD84EA-EE39-436E-BC7B-1B8BF2599C15}.Debug|iPhone.Build.0 = Debug|iPhone
		{1EBD84EA-EE39-436E-BC7B-1B8BF2599C15}.Debug|iPhone.Deploy.0 = Debug|iPhone
		{1EBD84EA-EE39-436E-BC7B-1B8BF2599C15}.Debug|iPhoneSimulator.ActiveCfg = Debug|iPhoneSimulator
		{1EBD84EA-EE39-436E-BC7B-1B8BF2599C15}.Debug|iPhoneSimulator.Build.0 = Debug|iPhoneSimulator
		{1EBD84EA-EE39-436E-BC7B-1B8BF2599C15}.Debug|iPhoneSimulator.Deploy.0 = Debug|iPhoneSimulator
		{1EBD84EA-EE39-436E-BC7B-1B8BF2599C15}.Debug|x64.ActiveCfg = Debug|iPhone
		{1EBD84EA-EE39-436E-BC7B-1B8BF2599C15}.Debug|x64.Build.0 = Debug|iPhone
		{1EBD84EA-EE39-436E-BC7B-1B8BF2599C15}.Debug|x64.Deploy.0 = Debug|iPhone
		{1EBD84EA-EE39-436E-BC7B-1B8BF2599C15}.Debug|x86.ActiveCfg = Debug|iPhone
		{1EBD84EA-EE39-436E-BC7B-1B8BF2599C15}.Debug|x86.Build.0 = Debug|iPhone
		{1EBD84EA-EE39-436E-BC7B-1B8BF2599C15}.Debug|x86.Deploy.0 = Debug|iPhone
		{1EBD84EA-EE39-436E-BC7B-1B8BF2599C15}.Release|Any CPU.ActiveCfg = Release|iPhone
		{1EBD84EA-EE39-436E-BC7B-1B8BF2599C15}.Release|Any CPU.Build.0 = Release|iPhone
		{1EBD84EA-EE39-436E-BC7B-1B8BF2599C15}.Release|Any CPU.Deploy.0 = Release|iPhone
		{1EBD84EA-EE39-436E-BC7B-1B8BF2599C15}.Release|ARM.ActiveCfg = Release|iPhone
		{1EBD84EA-EE39-436E-BC7B-1B8BF2599C15}.Release|ARM.Build.0 = Release|iPhone
		{1EBD84EA-EE39-436E-BC7B-1B8BF2599C15}.Release|ARM.Deploy.0 = Release|iPhone
		{1EBD84EA-EE39-436E-BC7B-1B8BF2599C15}.Release|iPhone.ActiveCfg = Release|iPhone
		{1EBD84EA-EE39-436E-BC7B-1B8BF2599C15}.Release|iPhone.Build.0 = Release|iPhone
		{1EBD84EA-EE39-436E-BC7B-1B8BF2599C15}.Release|iPhone.Deploy.0 = Release|iPhone
		{1EBD84EA-EE39-436E-BC7B-1B8BF2599C15}.Release|iPhoneSimulator.ActiveCfg = Release|iPhoneSimulator
		{1EBD84EA-EE39-436E-BC7B-1B8BF2599C15}.Release|iPhoneSimulator.Build.0 = Release|iPhoneSimulator
		{1EBD84EA-EE39-436E-BC7B-1B8BF2599C15}.Release|iPhoneSimulator.Deploy.0 = Release|iPhoneSimulator
		{1EBD84EA-EE39-436E-BC7B-1B8BF2599C15}.Release|x64.ActiveCfg = Release|iPhone
		{1EBD84EA-EE39-436E-BC7B-1B8BF2599C15}.Release|x64.Build.0 = Release|iPhone
		{1EBD84EA-EE39-436E-BC7B-1B8BF2599C15}.Release|x64.Deploy.0 = Release|iPhone
		{1EBD84EA-EE39-436E-BC7B-1B8BF2599C15}.Release|x86.ActiveCfg = Release|iPhone
		{1EBD84EA-EE39-436E-BC7B-1B8BF2599C15}.Release|x86.Build.0 = Release|iPhone
		{1EBD84EA-EE39-436E-BC7B-1B8BF2599C15}.Release|x86.Deploy.0 = Release|iPhone
		{2D6B2AE5-F2A5-41CC-A159-D1FAFBED6435}.Debug|Any CPU.ActiveCfg = Debug|Any CPU
		{2D6B2AE5-F2A5-41CC-A159-D1FAFBED6435}.Debug|Any CPU.Build.0 = Debug|Any CPU
		{2D6B2AE5-F2A5-41CC-A159-D1FAFBED6435}.Debug|Any CPU.Deploy.0 = Debug|Any CPU
		{2D6B2AE5-F2A5-41CC-A159-D1FAFBED6435}.Debug|ARM.ActiveCfg = Debug|Any CPU
		{2D6B2AE5-F2A5-41CC-A159-D1FAFBED6435}.Debug|ARM.Build.0 = Debug|Any CPU
		{2D6B2AE5-F2A5-41CC-A159-D1FAFBED6435}.Debug|ARM.Deploy.0 = Debug|Any CPU
		{2D6B2AE5-F2A5-41CC-A159-D1FAFBED6435}.Debug|iPhone.ActiveCfg = Debug|Any CPU
		{2D6B2AE5-F2A5-41CC-A159-D1FAFBED6435}.Debug|iPhone.Build.0 = Debug|Any CPU
		{2D6B2AE5-F2A5-41CC-A159-D1FAFBED6435}.Debug|iPhone.Deploy.0 = Debug|Any CPU
		{2D6B2AE5-F2A5-41CC-A159-D1FAFBED6435}.Debug|iPhoneSimulator.ActiveCfg = Debug|Any CPU
		{2D6B2AE5-F2A5-41CC-A159-D1FAFBED6435}.Debug|iPhoneSimulator.Build.0 = Debug|Any CPU
		{2D6B2AE5-F2A5-41CC-A159-D1FAFBED6435}.Debug|iPhoneSimulator.Deploy.0 = Debug|Any CPU
		{2D6B2AE5-F2A5-41CC-A159-D1FAFBED6435}.Debug|x64.ActiveCfg = Debug|Any CPU
		{2D6B2AE5-F2A5-41CC-A159-D1FAFBED6435}.Debug|x64.Build.0 = Debug|Any CPU
		{2D6B2AE5-F2A5-41CC-A159-D1FAFBED6435}.Debug|x64.Deploy.0 = Debug|Any CPU
		{2D6B2AE5-F2A5-41CC-A159-D1FAFBED6435}.Debug|x86.ActiveCfg = Debug|Any CPU
		{2D6B2AE5-F2A5-41CC-A159-D1FAFBED6435}.Debug|x86.Build.0 = Debug|Any CPU
		{2D6B2AE5-F2A5-41CC-A159-D1FAFBED6435}.Debug|x86.Deploy.0 = Debug|Any CPU
		{2D6B2AE5-F2A5-41CC-A159-D1FAFBED6435}.Release|Any CPU.ActiveCfg = Release|Any CPU
		{2D6B2AE5-F2A5-41CC-A159-D1FAFBED6435}.Release|Any CPU.Build.0 = Release|Any CPU
		{2D6B2AE5-F2A5-41CC-A159-D1FAFBED6435}.Release|Any CPU.Deploy.0 = Release|Any CPU
		{2D6B2AE5-F2A5-41CC-A159-D1FAFBED6435}.Release|ARM.ActiveCfg = Release|Any CPU
		{2D6B2AE5-F2A5-41CC-A159-D1FAFBED6435}.Release|ARM.Build.0 = Release|Any CPU
		{2D6B2AE5-F2A5-41CC-A159-D1FAFBED6435}.Release|ARM.Deploy.0 = Release|Any CPU
		{2D6B2AE5-F2A5-41CC-A159-D1FAFBED6435}.Release|iPhone.ActiveCfg = Release|Any CPU
		{2D6B2AE5-F2A5-41CC-A159-D1FAFBED6435}.Release|iPhone.Build.0 = Release|Any CPU
		{2D6B2AE5-F2A5-41CC-A159-D1FAFBED6435}.Release|iPhone.Deploy.0 = Release|Any CPU
		{2D6B2AE5-F2A5-41CC-A159-D1FAFBED6435}.Release|iPhoneSimulator.ActiveCfg = Release|Any CPU
		{2D6B2AE5-F2A5-41CC-A159-D1FAFBED6435}.Release|iPhoneSimulator.Build.0 = Release|Any CPU
		{2D6B2AE5-F2A5-41CC-A159-D1FAFBED6435}.Release|iPhoneSimulator.Deploy.0 = Release|Any CPU
		{2D6B2AE5-F2A5-41CC-A159-D1FAFBED6435}.Release|x64.ActiveCfg = Release|Any CPU
		{2D6B2AE5-F2A5-41CC-A159-D1FAFBED6435}.Release|x64.Build.0 = Release|Any CPU
		{2D6B2AE5-F2A5-41CC-A159-D1FAFBED6435}.Release|x64.Deploy.0 = Release|Any CPU
		{2D6B2AE5-F2A5-41CC-A159-D1FAFBED6435}.Release|x86.ActiveCfg = Release|Any CPU
		{2D6B2AE5-F2A5-41CC-A159-D1FAFBED6435}.Release|x86.Build.0 = Release|Any CPU
		{2D6B2AE5-F2A5-41CC-A159-D1FAFBED6435}.Release|x86.Deploy.0 = Release|Any CPU
	EndGlobalSection
	GlobalSection(SolutionProperties) = preSolution
		HideSolutionNode = FALSE
	EndGlobalSection
	GlobalSection(ExtensibilityGlobals) = postSolution
		SolutionGuid = {7317B5FA-C202-4003-8AE1-06479AF17F36}
	EndGlobalSection
EndGlobal
